// !$*UTF8*$!
{
	archiveVersion = 1;
	classes = {
	};
	objectVersion = 50;
	objects = {

/* Begin PBXBuildFile section */
		391BF06324600625004F8497 /* KeypadViewController.swift in Sources */ = {isa = PBXBuildFile; fileRef = 391BF06124600625004F8497 /* KeypadViewController.swift */; };
		391BF06A24600AF8004F8497 /* CharacterSet.swift in Sources */ = {isa = PBXBuildFile; fileRef = 391BF06824600AF8004F8497 /* CharacterSet.swift */; };
		391BF071246012EC004F8497 /* KeyView.swift in Sources */ = {isa = PBXBuildFile; fileRef = 391BF06F246012EC004F8497 /* KeyView.swift */; };
		391BF07424602208004F8497 /* UI+Extension.swift in Sources */ = {isa = PBXBuildFile; fileRef = 391BF07224602208004F8497 /* UI+Extension.swift */; };
		391CF4C72473CD6B00C36FA6 /* AutocorrectViewController.swift in Sources */ = {isa = PBXBuildFile; fileRef = 391CF4C62473CD6B00C36FA6 /* AutocorrectViewController.swift */; };
		391CF4C82473CD6B00C36FA6 /* AutocorrectViewController.swift in Sources */ = {isa = PBXBuildFile; fileRef = 391CF4C62473CD6B00C36FA6 /* AutocorrectViewController.swift */; };
		391CF4CC2473CDD700C36FA6 /* AutocorrectView.swift in Sources */ = {isa = PBXBuildFile; fileRef = 391CF4CB2473CDD700C36FA6 /* AutocorrectView.swift */; };
		391CF4CD2473CDD700C36FA6 /* AutocorrectView.swift in Sources */ = {isa = PBXBuildFile; fileRef = 391CF4CB2473CDD700C36FA6 /* AutocorrectView.swift */; };
		391CF4CF2473ECBB00C36FA6 /* Autocorrect.swift in Sources */ = {isa = PBXBuildFile; fileRef = 391CF4CE2473ECBB00C36FA6 /* Autocorrect.swift */; };
		391CF4D02473ECBB00C36FA6 /* Autocorrect.swift in Sources */ = {isa = PBXBuildFile; fileRef = 391CF4CE2473ECBB00C36FA6 /* Autocorrect.swift */; };
		392159BD246D39BF00F2E013 /* KeyboardActionProtocol.swift in Sources */ = {isa = PBXBuildFile; fileRef = 392159BC246D39BF00F2E013 /* KeyboardActionProtocol.swift */; };
		392159BE246D3A4900F2E013 /* KeyboardActionProtocol.swift in Sources */ = {isa = PBXBuildFile; fileRef = 392159BC246D39BF00F2E013 /* KeyboardActionProtocol.swift */; };
		392AD047245D72D9008252F1 /* KeyboardViewController.swift in Sources */ = {isa = PBXBuildFile; fileRef = 392AD046245D72D9008252F1 /* KeyboardViewController.swift */; };
		392AD04B245D72D9008252F1 /* keyboard.appex in Embed App Extensions */ = {isa = PBXBuildFile; fileRef = 392AD044245D72D9008252F1 /* keyboard.appex */; settings = {ATTRIBUTES = (RemoveHeadersOnCopy, ); }; };
		392AD050245D759F008252F1 /* InputViewController.swift in Sources */ = {isa = PBXBuildFile; fileRef = 3994E3A1245D6D10008B1099 /* InputViewController.swift */; };
		39514A542462A44000F05A48 /* ColorManager.swift in Sources */ = {isa = PBXBuildFile; fileRef = 39514A532462A44000F05A48 /* ColorManager.swift */; };
		39514A552462A4D700F05A48 /* ColorManager.swift in Sources */ = {isa = PBXBuildFile; fileRef = 39514A532462A44000F05A48 /* ColorManager.swift */; };
		39514A572462AB4F00F05A48 /* SymbolsManager.swift in Sources */ = {isa = PBXBuildFile; fileRef = 39514A562462AB4F00F05A48 /* SymbolsManager.swift */; };
		39514A582462AC4100F05A48 /* SymbolsManager.swift in Sources */ = {isa = PBXBuildFile; fileRef = 39514A562462AB4F00F05A48 /* SymbolsManager.swift */; };
		39528F80245AFC4D0080FBE8 /* AppDelegate.swift in Sources */ = {isa = PBXBuildFile; fileRef = 39528F7F245AFC4D0080FBE8 /* AppDelegate.swift */; };
		39528F89245AFC510080FBE8 /* Assets.xcassets in Resources */ = {isa = PBXBuildFile; fileRef = 39528F88245AFC510080FBE8 /* Assets.xcassets */; };
		39528F8C245AFC510080FBE8 /* LaunchScreen.storyboard in Resources */ = {isa = PBXBuildFile; fileRef = 39528F8A245AFC510080FBE8 /* LaunchScreen.storyboard */; };
		39528F97245AFC510080FBE8 /* ibepoTests.swift in Sources */ = {isa = PBXBuildFile; fileRef = 39528F96245AFC510080FBE8 /* ibepoTests.swift */; };
		39528FA2245AFC510080FBE8 /* ibepoUITests.swift in Sources */ = {isa = PBXBuildFile; fileRef = 39528FA1245AFC510080FBE8 /* ibepoUITests.swift */; };
		3974AFFB24657FA3004901B7 /* KeyboardSettings.swift in Sources */ = {isa = PBXBuildFile; fileRef = 3974AFFA24657FA3004901B7 /* KeyboardSettings.swift */; };
		3974AFFC24658021004901B7 /* KeyboardSettings.swift in Sources */ = {isa = PBXBuildFile; fileRef = 3974AFFA24657FA3004901B7 /* KeyboardSettings.swift */; };
		3974AFFE246581ED004901B7 /* Notification.swift in Sources */ = {isa = PBXBuildFile; fileRef = 3974AFFD246581ED004901B7 /* Notification.swift */; };
		3974AFFF2465824A004901B7 /* Notification.swift in Sources */ = {isa = PBXBuildFile; fileRef = 3974AFFD246581ED004901B7 /* Notification.swift */; };
		3981494F246041FC007C9754 /* Key.swift in Sources */ = {isa = PBXBuildFile; fileRef = 3981494E246041FC007C9754 /* Key.swift */; };
		3981495324604393007C9754 /* SpecialKeyView.swift in Sources */ = {isa = PBXBuildFile; fileRef = 3981495224604393007C9754 /* SpecialKeyView.swift */; };
		39814955246043DC007C9754 /* LetterKeyView.swift in Sources */ = {isa = PBXBuildFile; fileRef = 39814954246043DC007C9754 /* LetterKeyView.swift */; };
		398149562460444C007C9754 /* KeySetFactory.swift in Sources */ = {isa = PBXBuildFile; fileRef = 391BF06B24600D98004F8497 /* KeySetFactory.swift */; };
		3981495824604498007C9754 /* KeySet.swift in Sources */ = {isa = PBXBuildFile; fileRef = 3981495724604498007C9754 /* KeySet.swift */; };
		3981495A246048C9007C9754 /* KeypadView.swift in Sources */ = {isa = PBXBuildFile; fileRef = 39814959246048C9007C9754 /* KeypadView.swift */; };
		3981495C246051F0007C9754 /* InputViewController.swift in Sources */ = {isa = PBXBuildFile; fileRef = 3994E3A1245D6D10008B1099 /* InputViewController.swift */; };
		3981495D246051F0007C9754 /* KeypadViewController.swift in Sources */ = {isa = PBXBuildFile; fileRef = 391BF06124600625004F8497 /* KeypadViewController.swift */; };
		3981495E246051F7007C9754 /* CharacterSet.swift in Sources */ = {isa = PBXBuildFile; fileRef = 391BF06824600AF8004F8497 /* CharacterSet.swift */; };
		3981495F246051F7007C9754 /* Key.swift in Sources */ = {isa = PBXBuildFile; fileRef = 3981494E246041FC007C9754 /* Key.swift */; };
		39814960246051F7007C9754 /* KeySet.swift in Sources */ = {isa = PBXBuildFile; fileRef = 3981495724604498007C9754 /* KeySet.swift */; };
		39814961246051F9007C9754 /* KeySetFactory.swift in Sources */ = {isa = PBXBuildFile; fileRef = 391BF06B24600D98004F8497 /* KeySetFactory.swift */; };
		39814962246051FB007C9754 /* UI+Extension.swift in Sources */ = {isa = PBXBuildFile; fileRef = 391BF07224602208004F8497 /* UI+Extension.swift */; };
		3981496324605219007C9754 /* KeypadView.swift in Sources */ = {isa = PBXBuildFile; fileRef = 39814959246048C9007C9754 /* KeypadView.swift */; };
		398149642460521D007C9754 /* KeyView.swift in Sources */ = {isa = PBXBuildFile; fileRef = 391BF06F246012EC004F8497 /* KeyView.swift */; };
		398149652460521D007C9754 /* LetterKeyView.swift in Sources */ = {isa = PBXBuildFile; fileRef = 39814954246043DC007C9754 /* LetterKeyView.swift */; };
		398149662460521D007C9754 /* SpecialKeyView.swift in Sources */ = {isa = PBXBuildFile; fileRef = 3981495224604393007C9754 /* SpecialKeyView.swift */; };
		3994E3A6245D6E82008B1099 /* HomeViewController.swift in Sources */ = {isa = PBXBuildFile; fileRef = 3994E3A4245D6E82008B1099 /* HomeViewController.swift */; };
		3994E3A7245D6E82008B1099 /* HomeViewController.xib in Resources */ = {isa = PBXBuildFile; fileRef = 3994E3A5245D6E82008B1099 /* HomeViewController.xib */; };
		399E641D2464069D00D25C6D /* KeyGestureRecognizer.swift in Sources */ = {isa = PBXBuildFile; fileRef = 399E641C2464069D00D25C6D /* KeyGestureRecognizer.swift */; };
		399E641E2464069D00D25C6D /* KeyGestureRecognizer.swift in Sources */ = {isa = PBXBuildFile; fileRef = 399E641C2464069D00D25C6D /* KeyGestureRecognizer.swift */; };
		399E642024640E7A00D25C6D /* Logger.swift in Sources */ = {isa = PBXBuildFile; fileRef = 399E641F24640E7A00D25C6D /* Logger.swift */; };
		399E642124640E7A00D25C6D /* Logger.swift in Sources */ = {isa = PBXBuildFile; fileRef = 399E641F24640E7A00D25C6D /* Logger.swift */; };
		399E64252464381A00D25C6D /* KeyState.swift in Sources */ = {isa = PBXBuildFile; fileRef = 399E64242464381A00D25C6D /* KeyState.swift */; };
		399E64262464381A00D25C6D /* KeyState.swift in Sources */ = {isa = PBXBuildFile; fileRef = 399E64242464381A00D25C6D /* KeyState.swift */; };
		39A197E42462D39E00974C58 /* Assets.xcassets in Resources */ = {isa = PBXBuildFile; fileRef = 39528F88245AFC510080FBE8 /* Assets.xcassets */; };
/* End PBXBuildFile section */

/* Begin PBXContainerItemProxy section */
		392AD049245D72D9008252F1 /* PBXContainerItemProxy */ = {
			isa = PBXContainerItemProxy;
			containerPortal = 39528F74245AFC4D0080FBE8 /* Project object */;
			proxyType = 1;
			remoteGlobalIDString = 392AD043245D72D9008252F1;
			remoteInfo = keyboard;
		};
		39528F93245AFC510080FBE8 /* PBXContainerItemProxy */ = {
			isa = PBXContainerItemProxy;
			containerPortal = 39528F74245AFC4D0080FBE8 /* Project object */;
			proxyType = 1;
			remoteGlobalIDString = 39528F7B245AFC4D0080FBE8;
			remoteInfo = ibepo;
		};
		39528F9E245AFC510080FBE8 /* PBXContainerItemProxy */ = {
			isa = PBXContainerItemProxy;
			containerPortal = 39528F74245AFC4D0080FBE8 /* Project object */;
			proxyType = 1;
			remoteGlobalIDString = 39528F7B245AFC4D0080FBE8;
			remoteInfo = ibepo;
		};
/* End PBXContainerItemProxy section */

/* Begin PBXCopyFilesBuildPhase section */
		392AD04C245D72D9008252F1 /* Embed App Extensions */ = {
			isa = PBXCopyFilesBuildPhase;
			buildActionMask = 12;
			dstPath = "";
			dstSubfolderSpec = 13;
			files = (
				392AD04B245D72D9008252F1 /* keyboard.appex in Embed App Extensions */,
			);
			name = "Embed App Extensions";
			runOnlyForDeploymentPostprocessing = 0;
		};
/* End PBXCopyFilesBuildPhase section */

/* Begin PBXFileReference section */
		391BF06124600625004F8497 /* KeypadViewController.swift */ = {isa = PBXFileReference; lastKnownFileType = sourcecode.swift; path = KeypadViewController.swift; sourceTree = "<group>"; };
		391BF06824600AF8004F8497 /* CharacterSet.swift */ = {isa = PBXFileReference; lastKnownFileType = sourcecode.swift; path = CharacterSet.swift; sourceTree = "<group>"; };
		391BF06B24600D98004F8497 /* KeySetFactory.swift */ = {isa = PBXFileReference; lastKnownFileType = sourcecode.swift; path = KeySetFactory.swift; sourceTree = "<group>"; };
		391BF06F246012EC004F8497 /* KeyView.swift */ = {isa = PBXFileReference; lastKnownFileType = sourcecode.swift; path = KeyView.swift; sourceTree = "<group>"; };
		391BF07224602208004F8497 /* UI+Extension.swift */ = {isa = PBXFileReference; lastKnownFileType = sourcecode.swift; path = "UI+Extension.swift"; sourceTree = "<group>"; };
		391CF4C62473CD6B00C36FA6 /* AutocorrectViewController.swift */ = {isa = PBXFileReference; lastKnownFileType = sourcecode.swift; path = AutocorrectViewController.swift; sourceTree = "<group>"; };
		391CF4CB2473CDD700C36FA6 /* AutocorrectView.swift */ = {isa = PBXFileReference; lastKnownFileType = sourcecode.swift; path = AutocorrectView.swift; sourceTree = "<group>"; };
		391CF4CE2473ECBB00C36FA6 /* Autocorrect.swift */ = {isa = PBXFileReference; lastKnownFileType = sourcecode.swift; path = Autocorrect.swift; sourceTree = "<group>"; };
		392159BC246D39BF00F2E013 /* KeyboardActionProtocol.swift */ = {isa = PBXFileReference; lastKnownFileType = sourcecode.swift; path = KeyboardActionProtocol.swift; sourceTree = "<group>"; };
		392AD044245D72D9008252F1 /* keyboard.appex */ = {isa = PBXFileReference; explicitFileType = "wrapper.app-extension"; includeInIndex = 0; path = keyboard.appex; sourceTree = BUILT_PRODUCTS_DIR; };
		392AD046245D72D9008252F1 /* KeyboardViewController.swift */ = {isa = PBXFileReference; lastKnownFileType = sourcecode.swift; path = KeyboardViewController.swift; sourceTree = "<group>"; };
		392AD048245D72D9008252F1 /* Info.plist */ = {isa = PBXFileReference; lastKnownFileType = text.plist.xml; path = Info.plist; sourceTree = "<group>"; };
		39514A532462A44000F05A48 /* ColorManager.swift */ = {isa = PBXFileReference; lastKnownFileType = sourcecode.swift; path = ColorManager.swift; sourceTree = "<group>"; };
		39514A562462AB4F00F05A48 /* SymbolsManager.swift */ = {isa = PBXFileReference; lastKnownFileType = sourcecode.swift; path = SymbolsManager.swift; sourceTree = "<group>"; };
		39528F7C245AFC4D0080FBE8 /* iBépo.app */ = {isa = PBXFileReference; explicitFileType = wrapper.application; includeInIndex = 0; path = "iBépo.app"; sourceTree = BUILT_PRODUCTS_DIR; };
		39528F7F245AFC4D0080FBE8 /* AppDelegate.swift */ = {isa = PBXFileReference; lastKnownFileType = sourcecode.swift; path = AppDelegate.swift; sourceTree = "<group>"; };
		39528F88245AFC510080FBE8 /* Assets.xcassets */ = {isa = PBXFileReference; lastKnownFileType = folder.assetcatalog; path = Assets.xcassets; sourceTree = "<group>"; };
		39528F8B245AFC510080FBE8 /* Base */ = {isa = PBXFileReference; lastKnownFileType = file.storyboard; name = Base; path = Base.lproj/LaunchScreen.storyboard; sourceTree = "<group>"; };
		39528F8D245AFC510080FBE8 /* Info.plist */ = {isa = PBXFileReference; lastKnownFileType = text.plist.xml; path = Info.plist; sourceTree = "<group>"; };
		39528F92245AFC510080FBE8 /* ibepoTests.xctest */ = {isa = PBXFileReference; explicitFileType = wrapper.cfbundle; includeInIndex = 0; path = ibepoTests.xctest; sourceTree = BUILT_PRODUCTS_DIR; };
		39528F96245AFC510080FBE8 /* ibepoTests.swift */ = {isa = PBXFileReference; lastKnownFileType = sourcecode.swift; path = ibepoTests.swift; sourceTree = "<group>"; };
		39528F98245AFC510080FBE8 /* Info.plist */ = {isa = PBXFileReference; lastKnownFileType = text.plist.xml; path = Info.plist; sourceTree = "<group>"; };
		39528F9D245AFC510080FBE8 /* ibepoUITests.xctest */ = {isa = PBXFileReference; explicitFileType = wrapper.cfbundle; includeInIndex = 0; path = ibepoUITests.xctest; sourceTree = BUILT_PRODUCTS_DIR; };
		39528FA1245AFC510080FBE8 /* ibepoUITests.swift */ = {isa = PBXFileReference; lastKnownFileType = sourcecode.swift; path = ibepoUITests.swift; sourceTree = "<group>"; };
		39528FA3245AFC510080FBE8 /* Info.plist */ = {isa = PBXFileReference; lastKnownFileType = text.plist.xml; path = Info.plist; sourceTree = "<group>"; };
		3974AFFA24657FA3004901B7 /* KeyboardSettings.swift */ = {isa = PBXFileReference; lastKnownFileType = sourcecode.swift; path = KeyboardSettings.swift; sourceTree = "<group>"; };
		3974AFFD246581ED004901B7 /* Notification.swift */ = {isa = PBXFileReference; lastKnownFileType = sourcecode.swift; path = Notification.swift; sourceTree = "<group>"; };
		3981494E246041FC007C9754 /* Key.swift */ = {isa = PBXFileReference; lastKnownFileType = sourcecode.swift; path = Key.swift; sourceTree = "<group>"; };
		3981495224604393007C9754 /* SpecialKeyView.swift */ = {isa = PBXFileReference; lastKnownFileType = sourcecode.swift; path = SpecialKeyView.swift; sourceTree = "<group>"; };
		39814954246043DC007C9754 /* LetterKeyView.swift */ = {isa = PBXFileReference; lastKnownFileType = sourcecode.swift; path = LetterKeyView.swift; sourceTree = "<group>"; };
		3981495724604498007C9754 /* KeySet.swift */ = {isa = PBXFileReference; lastKnownFileType = sourcecode.swift; path = KeySet.swift; sourceTree = "<group>"; };
		39814959246048C9007C9754 /* KeypadView.swift */ = {isa = PBXFileReference; lastKnownFileType = sourcecode.swift; path = KeypadView.swift; sourceTree = "<group>"; };
		3994E3A1245D6D10008B1099 /* InputViewController.swift */ = {isa = PBXFileReference; lastKnownFileType = sourcecode.swift; path = InputViewController.swift; sourceTree = "<group>"; };
		3994E3A4245D6E82008B1099 /* HomeViewController.swift */ = {isa = PBXFileReference; lastKnownFileType = sourcecode.swift; path = HomeViewController.swift; sourceTree = "<group>"; };
		3994E3A5245D6E82008B1099 /* HomeViewController.xib */ = {isa = PBXFileReference; lastKnownFileType = file.xib; path = HomeViewController.xib; sourceTree = "<group>"; };
		399E641C2464069D00D25C6D /* KeyGestureRecognizer.swift */ = {isa = PBXFileReference; lastKnownFileType = sourcecode.swift; path = KeyGestureRecognizer.swift; sourceTree = "<group>"; };
		399E641F24640E7A00D25C6D /* Logger.swift */ = {isa = PBXFileReference; lastKnownFileType = sourcecode.swift; path = Logger.swift; sourceTree = "<group>"; };
		399E64242464381A00D25C6D /* KeyState.swift */ = {isa = PBXFileReference; lastKnownFileType = sourcecode.swift; path = KeyState.swift; sourceTree = "<group>"; };
/* End PBXFileReference section */

/* Begin PBXFrameworksBuildPhase section */
		392AD041245D72D9008252F1 /* Frameworks */ = {
			isa = PBXFrameworksBuildPhase;
			buildActionMask = 2147483647;
			files = (
			);
			runOnlyForDeploymentPostprocessing = 0;
		};
		39528F79245AFC4D0080FBE8 /* Frameworks */ = {
			isa = PBXFrameworksBuildPhase;
			buildActionMask = 2147483647;
			files = (
			);
			runOnlyForDeploymentPostprocessing = 0;
		};
		39528F8F245AFC510080FBE8 /* Frameworks */ = {
			isa = PBXFrameworksBuildPhase;
			buildActionMask = 2147483647;
			files = (
			);
			runOnlyForDeploymentPostprocessing = 0;
		};
		39528F9A245AFC510080FBE8 /* Frameworks */ = {
			isa = PBXFrameworksBuildPhase;
			buildActionMask = 2147483647;
			files = (
			);
			runOnlyForDeploymentPostprocessing = 0;
		};
/* End PBXFrameworksBuildPhase section */

/* Begin PBXGroup section */
		391BF06724600869004F8497 /* Entities */ = {
			isa = PBXGroup;
			children = (
				391BF06824600AF8004F8497 /* CharacterSet.swift */,
				3981494E246041FC007C9754 /* Key.swift */,
				3981495724604498007C9754 /* KeySet.swift */,
			);
			path = Entities;
			sourceTree = "<group>";
		};
		391BF06E246012DA004F8497 /* Services */ = {
			isa = PBXGroup;
			children = (
				399E64222464375800D25C6D /* DataManagement */,
				391BF06B24600D98004F8497 /* KeySetFactory.swift */,
				3974AFFA24657FA3004901B7 /* KeyboardSettings.swift */,
				399E64232464377B00D25C6D /* KeyGesture */,
				391CF4CE2473ECBB00C36FA6 /* Autocorrect.swift */,
			);
			path = Services;
			sourceTree = "<group>";
		};
		391BF07524602501004F8497 /* UI */ = {
			isa = PBXGroup;
			children = (
				3994E3A1245D6D10008B1099 /* InputViewController.swift */,
				391CF4C92473CDA300C36FA6 /* Keypad */,
				391CF4CA2473CDB300C36FA6 /* Autocorrect */,
			);
			path = UI;
			sourceTree = "<group>";
		};
		391BF0762460251C004F8497 /* Extensions */ = {
			isa = PBXGroup;
			children = (
				391BF07224602208004F8497 /* UI+Extension.swift */,
				3974AFFD246581ED004901B7 /* Notification.swift */,
			);
			path = Extensions;
			sourceTree = "<group>";
		};
		391CF4C92473CDA300C36FA6 /* Keypad */ = {
			isa = PBXGroup;
			children = (
				391BF06124600625004F8497 /* KeypadViewController.swift */,
				39814959246048C9007C9754 /* KeypadView.swift */,
				3981495B246048F5007C9754 /* Keys */,
			);
			path = Keypad;
			sourceTree = "<group>";
		};
		391CF4CA2473CDB300C36FA6 /* Autocorrect */ = {
			isa = PBXGroup;
			children = (
				391CF4C62473CD6B00C36FA6 /* AutocorrectViewController.swift */,
				391CF4CB2473CDD700C36FA6 /* AutocorrectView.swift */,
			);
			path = Autocorrect;
			sourceTree = "<group>";
		};
		392AD045245D72D9008252F1 /* keyboard */ = {
			isa = PBXGroup;
			children = (
				392AD048245D72D9008252F1 /* Info.plist */,
				392AD046245D72D9008252F1 /* KeyboardViewController.swift */,
				391BF0762460251C004F8497 /* Extensions */,
				391BF06E246012DA004F8497 /* Services */,
				391BF06724600869004F8497 /* Entities */,
				391BF07524602501004F8497 /* UI */,
			);
			path = keyboard;
			sourceTree = "<group>";
		};
		394657A0245B0EF20039E88F /* Resources */ = {
			isa = PBXGroup;
			children = (
				39528F88245AFC510080FBE8 /* Assets.xcassets */,
				39528F8A245AFC510080FBE8 /* LaunchScreen.storyboard */,
			);
			path = Resources;
			sourceTree = "<group>";
		};
		39528F73245AFC4D0080FBE8 = {
			isa = PBXGroup;
			children = (
				39528F7E245AFC4D0080FBE8 /* ibepo */,
				392AD045245D72D9008252F1 /* keyboard */,
				39528F95245AFC510080FBE8 /* ibepoTests */,
				39528FA0245AFC510080FBE8 /* ibepoUITests */,
				39528F7D245AFC4D0080FBE8 /* Products */,
			);
			sourceTree = "<group>";
		};
		39528F7D245AFC4D0080FBE8 /* Products */ = {
			isa = PBXGroup;
			children = (
				39528F7C245AFC4D0080FBE8 /* iBépo.app */,
				39528F92245AFC510080FBE8 /* ibepoTests.xctest */,
				39528F9D245AFC510080FBE8 /* ibepoUITests.xctest */,
				392AD044245D72D9008252F1 /* keyboard.appex */,
			);
			name = Products;
			sourceTree = "<group>";
		};
		39528F7E245AFC4D0080FBE8 /* ibepo */ = {
			isa = PBXGroup;
			children = (
				39528F7F245AFC4D0080FBE8 /* AppDelegate.swift */,
				39528F8D245AFC510080FBE8 /* Info.plist */,
				3994E3A8245D6E86008B1099 /* ViewControllers */,
				394657A0245B0EF20039E88F /* Resources */,
			);
			path = ibepo;
			sourceTree = "<group>";
		};
		39528F95245AFC510080FBE8 /* ibepoTests */ = {
			isa = PBXGroup;
			children = (
				39528F96245AFC510080FBE8 /* ibepoTests.swift */,
				39528F98245AFC510080FBE8 /* Info.plist */,
			);
			path = ibepoTests;
			sourceTree = "<group>";
		};
		39528FA0245AFC510080FBE8 /* ibepoUITests */ = {
			isa = PBXGroup;
			children = (
				39528FA1245AFC510080FBE8 /* ibepoUITests.swift */,
				39528FA3245AFC510080FBE8 /* Info.plist */,
			);
			path = ibepoUITests;
			sourceTree = "<group>";
		};
		3981495B246048F5007C9754 /* Keys */ = {
			isa = PBXGroup;
			children = (
				391BF06F246012EC004F8497 /* KeyView.swift */,
				39814954246043DC007C9754 /* LetterKeyView.swift */,
				3981495224604393007C9754 /* SpecialKeyView.swift */,
			);
			path = Keys;
			sourceTree = "<group>";
		};
		3994E3A8245D6E86008B1099 /* ViewControllers */ = {
			isa = PBXGroup;
			children = (
				3994E3A4245D6E82008B1099 /* HomeViewController.swift */,
				3994E3A5245D6E82008B1099 /* HomeViewController.xib */,
			);
			path = ViewControllers;
			sourceTree = "<group>";
		};
		399E64222464375800D25C6D /* DataManagement */ = {
			isa = PBXGroup;
			children = (
				399E641F24640E7A00D25C6D /* Logger.swift */,
				39514A532462A44000F05A48 /* ColorManager.swift */,
				39514A562462AB4F00F05A48 /* SymbolsManager.swift */,
			);
			path = DataManagement;
			sourceTree = "<group>";
		};
		399E64232464377B00D25C6D /* KeyGesture */ = {
			isa = PBXGroup;
			children = (
				392159BC246D39BF00F2E013 /* KeyboardActionProtocol.swift */,
				399E64242464381A00D25C6D /* KeyState.swift */,
				399E641C2464069D00D25C6D /* KeyGestureRecognizer.swift */,
			);
			path = KeyGesture;
			sourceTree = "<group>";
		};
/* End PBXGroup section */

/* Begin PBXNativeTarget section */
		392AD043245D72D9008252F1 /* keyboard */ = {
			isa = PBXNativeTarget;
			buildConfigurationList = 392AD04F245D72D9008252F1 /* Build configuration list for PBXNativeTarget "keyboard" */;
			buildPhases = (
				392AD040245D72D9008252F1 /* Sources */,
				392AD041245D72D9008252F1 /* Frameworks */,
				392AD042245D72D9008252F1 /* Resources */,
			);
			buildRules = (
			);
			dependencies = (
			);
			name = keyboard;
			productName = keyboard;
			productReference = 392AD044245D72D9008252F1 /* keyboard.appex */;
			productType = "com.apple.product-type.app-extension";
		};
		39528F7B245AFC4D0080FBE8 /* ibepo */ = {
			isa = PBXNativeTarget;
			buildConfigurationList = 39528FA6245AFC510080FBE8 /* Build configuration list for PBXNativeTarget "ibepo" */;
			buildPhases = (
				39528F78245AFC4D0080FBE8 /* Sources */,
				39528F79245AFC4D0080FBE8 /* Frameworks */,
				39528F7A245AFC4D0080FBE8 /* Resources */,
				3946579F245B0D2D0039E88F /* Increment Build */,
				392AD04C245D72D9008252F1 /* Embed App Extensions */,
			);
			buildRules = (
			);
			dependencies = (
				392AD04A245D72D9008252F1 /* PBXTargetDependency */,
			);
			name = ibepo;
			productName = ibepo;
			productReference = 39528F7C245AFC4D0080FBE8 /* iBépo.app */;
			productType = "com.apple.product-type.application";
		};
		39528F91245AFC510080FBE8 /* ibepoTests */ = {
			isa = PBXNativeTarget;
			buildConfigurationList = 39528FA9245AFC510080FBE8 /* Build configuration list for PBXNativeTarget "ibepoTests" */;
			buildPhases = (
				39528F8E245AFC510080FBE8 /* Sources */,
				39528F8F245AFC510080FBE8 /* Frameworks */,
				39528F90245AFC510080FBE8 /* Resources */,
			);
			buildRules = (
			);
			dependencies = (
				39528F94245AFC510080FBE8 /* PBXTargetDependency */,
			);
			name = ibepoTests;
			productName = ibepoTests;
			productReference = 39528F92245AFC510080FBE8 /* ibepoTests.xctest */;
			productType = "com.apple.product-type.bundle.unit-test";
		};
		39528F9C245AFC510080FBE8 /* ibepoUITests */ = {
			isa = PBXNativeTarget;
			buildConfigurationList = 39528FAC245AFC510080FBE8 /* Build configuration list for PBXNativeTarget "ibepoUITests" */;
			buildPhases = (
				39528F99245AFC510080FBE8 /* Sources */,
				39528F9A245AFC510080FBE8 /* Frameworks */,
				39528F9B245AFC510080FBE8 /* Resources */,
			);
			buildRules = (
			);
			dependencies = (
				39528F9F245AFC510080FBE8 /* PBXTargetDependency */,
			);
			name = ibepoUITests;
			productName = ibepoUITests;
			productReference = 39528F9D245AFC510080FBE8 /* ibepoUITests.xctest */;
			productType = "com.apple.product-type.bundle.ui-testing";
		};
/* End PBXNativeTarget section */

/* Begin PBXProject section */
		39528F74245AFC4D0080FBE8 /* Project object */ = {
			isa = PBXProject;
			attributes = {
				LastSwiftUpdateCheck = 1140;
				LastUpgradeCheck = 1140;
				ORGANIZATIONNAME = Novesoft;
				TargetAttributes = {
					392AD043245D72D9008252F1 = {
						CreatedOnToolsVersion = 11.4.1;
					};
					39528F7B245AFC4D0080FBE8 = {
						CreatedOnToolsVersion = 11.4.1;
					};
					39528F91245AFC510080FBE8 = {
						CreatedOnToolsVersion = 11.4.1;
						TestTargetID = 39528F7B245AFC4D0080FBE8;
					};
					39528F9C245AFC510080FBE8 = {
						CreatedOnToolsVersion = 11.4.1;
						TestTargetID = 39528F7B245AFC4D0080FBE8;
					};
				};
			};
			buildConfigurationList = 39528F77245AFC4D0080FBE8 /* Build configuration list for PBXProject "ibepo" */;
			compatibilityVersion = "Xcode 9.3";
			developmentRegion = en;
			hasScannedForEncodings = 0;
			knownRegions = (
				en,
				Base,
			);
			mainGroup = 39528F73245AFC4D0080FBE8;
			productRefGroup = 39528F7D245AFC4D0080FBE8 /* Products */;
			projectDirPath = "";
			projectRoot = "";
			targets = (
				39528F7B245AFC4D0080FBE8 /* ibepo */,
				39528F91245AFC510080FBE8 /* ibepoTests */,
				39528F9C245AFC510080FBE8 /* ibepoUITests */,
				392AD043245D72D9008252F1 /* keyboard */,
			);
		};
/* End PBXProject section */

/* Begin PBXResourcesBuildPhase section */
		392AD042245D72D9008252F1 /* Resources */ = {
			isa = PBXResourcesBuildPhase;
			buildActionMask = 2147483647;
			files = (
				39A197E42462D39E00974C58 /* Assets.xcassets in Resources */,
			);
			runOnlyForDeploymentPostprocessing = 0;
		};
		39528F7A245AFC4D0080FBE8 /* Resources */ = {
			isa = PBXResourcesBuildPhase;
			buildActionMask = 2147483647;
			files = (
				39528F8C245AFC510080FBE8 /* LaunchScreen.storyboard in Resources */,
				39528F89245AFC510080FBE8 /* Assets.xcassets in Resources */,
				3994E3A7245D6E82008B1099 /* HomeViewController.xib in Resources */,
			);
			runOnlyForDeploymentPostprocessing = 0;
		};
		39528F90245AFC510080FBE8 /* Resources */ = {
			isa = PBXResourcesBuildPhase;
			buildActionMask = 2147483647;
			files = (
			);
			runOnlyForDeploymentPostprocessing = 0;
		};
		39528F9B245AFC510080FBE8 /* Resources */ = {
			isa = PBXResourcesBuildPhase;
			buildActionMask = 2147483647;
			files = (
			);
			runOnlyForDeploymentPostprocessing = 0;
		};
/* End PBXResourcesBuildPhase section */

/* Begin PBXShellScriptBuildPhase section */
		3946579F245B0D2D0039E88F /* Increment Build */ = {
			isa = PBXShellScriptBuildPhase;
			buildActionMask = 2147483647;
			files = (
			);
			inputFileListPaths = (
			);
			inputPaths = (
			);
			name = "Increment Build";
			outputFileListPaths = (
			);
			outputPaths = (
			);
			runOnlyForDeploymentPostprocessing = 0;
			shellPath = /bin/sh;
			shellScript = "buildNumber=$(/usr/libexec/PlistBuddy -c \"Print CFBundleVersion\" \"${PROJECT_DIR}/${INFOPLIST_FILE}\")\nbuildNumber=$(($buildNumber + 1))\n/usr/libexec/PlistBuddy -c \"Set :CFBundleVersion $buildNumber\" \"${PROJECT_DIR}/${INFOPLIST_FILE}\"\n";
		};
/* End PBXShellScriptBuildPhase section */

/* Begin PBXSourcesBuildPhase section */
		392AD040245D72D9008252F1 /* Sources */ = {
			isa = PBXSourcesBuildPhase;
			buildActionMask = 2147483647;
			files = (
				392159BD246D39BF00F2E013 /* KeyboardActionProtocol.swift in Sources */,
				399E641E2464069D00D25C6D /* KeyGestureRecognizer.swift in Sources */,
				39814955246043DC007C9754 /* LetterKeyView.swift in Sources */,
				3981494F246041FC007C9754 /* Key.swift in Sources */,
				391BF07424602208004F8497 /* UI+Extension.swift in Sources */,
				3974AFFB24657FA3004901B7 /* KeyboardSettings.swift in Sources */,
				391BF06324600625004F8497 /* KeypadViewController.swift in Sources */,
				391CF4C82473CD6B00C36FA6 /* AutocorrectViewController.swift in Sources */,
				398149562460444C007C9754 /* KeySetFactory.swift in Sources */,
				391BF06A24600AF8004F8497 /* CharacterSet.swift in Sources */,
				391CF4CD2473CDD700C36FA6 /* AutocorrectView.swift in Sources */,
				399E642124640E7A00D25C6D /* Logger.swift in Sources */,
				391BF071246012EC004F8497 /* KeyView.swift in Sources */,
				39514A542462A44000F05A48 /* ColorManager.swift in Sources */,
				399E64262464381A00D25C6D /* KeyState.swift in Sources */,
				3974AFFE246581ED004901B7 /* Notification.swift in Sources */,
				392AD047245D72D9008252F1 /* KeyboardViewController.swift in Sources */,
				391CF4D02473ECBB00C36FA6 /* Autocorrect.swift in Sources */,
				39514A572462AB4F00F05A48 /* SymbolsManager.swift in Sources */,
				3981495A246048C9007C9754 /* KeypadView.swift in Sources */,
				3981495824604498007C9754 /* KeySet.swift in Sources */,
				392AD050245D759F008252F1 /* InputViewController.swift in Sources */,
				3981495324604393007C9754 /* SpecialKeyView.swift in Sources */,
			);
			runOnlyForDeploymentPostprocessing = 0;
		};
		39528F78245AFC4D0080FBE8 /* Sources */ = {
			isa = PBXSourcesBuildPhase;
			buildActionMask = 2147483647;
			files = (
				398149642460521D007C9754 /* KeyView.swift in Sources */,
				3981495C246051F0007C9754 /* InputViewController.swift in Sources */,
				39814962246051FB007C9754 /* UI+Extension.swift in Sources */,
				398149662460521D007C9754 /* SpecialKeyView.swift in Sources */,
				3974AFFC24658021004901B7 /* KeyboardSettings.swift in Sources */,
				39814960246051F7007C9754 /* KeySet.swift in Sources */,
				399E641D2464069D00D25C6D /* KeyGestureRecognizer.swift in Sources */,
				39528F80245AFC4D0080FBE8 /* AppDelegate.swift in Sources */,
				399E64252464381A00D25C6D /* KeyState.swift in Sources */,
				39814961246051F9007C9754 /* KeySetFactory.swift in Sources */,
				391CF4C72473CD6B00C36FA6 /* AutocorrectViewController.swift in Sources */,
				399E642024640E7A00D25C6D /* Logger.swift in Sources */,
				391CF4CC2473CDD700C36FA6 /* AutocorrectView.swift in Sources */,
				39514A552462A4D700F05A48 /* ColorManager.swift in Sources */,
				398149652460521D007C9754 /* LetterKeyView.swift in Sources */,
				391CF4CF2473ECBB00C36FA6 /* Autocorrect.swift in Sources */,
				3981495D246051F0007C9754 /* KeypadViewController.swift in Sources */,
				3981496324605219007C9754 /* KeypadView.swift in Sources */,
				3981495E246051F7007C9754 /* CharacterSet.swift in Sources */,
				3974AFFF2465824A004901B7 /* Notification.swift in Sources */,
				3994E3A6245D6E82008B1099 /* HomeViewController.swift in Sources */,
				392159BE246D3A4900F2E013 /* KeyboardActionProtocol.swift in Sources */,
				3981495F246051F7007C9754 /* Key.swift in Sources */,
				39514A582462AC4100F05A48 /* SymbolsManager.swift in Sources */,
			);
			runOnlyForDeploymentPostprocessing = 0;
		};
		39528F8E245AFC510080FBE8 /* Sources */ = {
			isa = PBXSourcesBuildPhase;
			buildActionMask = 2147483647;
			files = (
				39528F97245AFC510080FBE8 /* ibepoTests.swift in Sources */,
			);
			runOnlyForDeploymentPostprocessing = 0;
		};
		39528F99245AFC510080FBE8 /* Sources */ = {
			isa = PBXSourcesBuildPhase;
			buildActionMask = 2147483647;
			files = (
				39528FA2245AFC510080FBE8 /* ibepoUITests.swift in Sources */,
			);
			runOnlyForDeploymentPostprocessing = 0;
		};
/* End PBXSourcesBuildPhase section */

/* Begin PBXTargetDependency section */
		392AD04A245D72D9008252F1 /* PBXTargetDependency */ = {
			isa = PBXTargetDependency;
			target = 392AD043245D72D9008252F1 /* keyboard */;
			targetProxy = 392AD049245D72D9008252F1 /* PBXContainerItemProxy */;
		};
		39528F94245AFC510080FBE8 /* PBXTargetDependency */ = {
			isa = PBXTargetDependency;
			target = 39528F7B245AFC4D0080FBE8 /* ibepo */;
			targetProxy = 39528F93245AFC510080FBE8 /* PBXContainerItemProxy */;
		};
		39528F9F245AFC510080FBE8 /* PBXTargetDependency */ = {
			isa = PBXTargetDependency;
			target = 39528F7B245AFC4D0080FBE8 /* ibepo */;
			targetProxy = 39528F9E245AFC510080FBE8 /* PBXContainerItemProxy */;
		};
/* End PBXTargetDependency section */

/* Begin PBXVariantGroup section */
		39528F8A245AFC510080FBE8 /* LaunchScreen.storyboard */ = {
			isa = PBXVariantGroup;
			children = (
				39528F8B245AFC510080FBE8 /* Base */,
			);
			name = LaunchScreen.storyboard;
			sourceTree = "<group>";
		};
/* End PBXVariantGroup section */

/* Begin XCBuildConfiguration section */
		392AD04D245D72D9008252F1 /* Debug */ = {
			isa = XCBuildConfiguration;
			buildSettings = {
				CODE_SIGN_STYLE = Automatic;
				DEVELOPMENT_TEAM = F2M6RF7E9E;
				INFOPLIST_FILE = keyboard/Info.plist;
				IPHONEOS_DEPLOYMENT_TARGET = 9.0;
				LD_RUNPATH_SEARCH_PATHS = (
					"$(inherited)",
					"@executable_path/Frameworks",
					"@executable_path/../../Frameworks",
				);
				MARKETING_VERSION = 1.0.0;
				PRODUCT_BUNDLE_IDENTIFIER = com.novesoft.ibepo.keyboard;
				PRODUCT_NAME = "$(TARGET_NAME)";
				SKIP_INSTALL = YES;
				SWIFT_VERSION = 5.0;
				TARGETED_DEVICE_FAMILY = "1,2";
			};
			name = Debug;
		};
		392AD04E245D72D9008252F1 /* Release */ = {
			isa = XCBuildConfiguration;
			buildSettings = {
				CODE_SIGN_STYLE = Automatic;
				DEVELOPMENT_TEAM = F2M6RF7E9E;
				INFOPLIST_FILE = keyboard/Info.plist;
				IPHONEOS_DEPLOYMENT_TARGET = 9.0;
				LD_RUNPATH_SEARCH_PATHS = (
					"$(inherited)",
					"@executable_path/Frameworks",
					"@executable_path/../../Frameworks",
				);
				MARKETING_VERSION = 1.0.0;
				PRODUCT_BUNDLE_IDENTIFIER = com.novesoft.ibepo.keyboard;
				PRODUCT_NAME = "$(TARGET_NAME)";
				SKIP_INSTALL = YES;
				SWIFT_VERSION = 5.0;
				TARGETED_DEVICE_FAMILY = "1,2";
			};
			name = Release;
		};
		39528FA4245AFC510080FBE8 /* Debug */ = {
			isa = XCBuildConfiguration;
			buildSettings = {
				ALWAYS_SEARCH_USER_PATHS = NO;
				CLANG_ANALYZER_NONNULL = YES;
				CLANG_ANALYZER_NUMBER_OBJECT_CONVERSION = YES_AGGRESSIVE;
				CLANG_CXX_LANGUAGE_STANDARD = "gnu++14";
				CLANG_CXX_LIBRARY = "libc++";
				CLANG_ENABLE_MODULES = YES;
				CLANG_ENABLE_OBJC_ARC = YES;
				CLANG_ENABLE_OBJC_WEAK = YES;
				CLANG_WARN_BLOCK_CAPTURE_AUTORELEASING = YES;
				CLANG_WARN_BOOL_CONVERSION = YES;
				CLANG_WARN_COMMA = YES;
				CLANG_WARN_CONSTANT_CONVERSION = YES;
				CLANG_WARN_DEPRECATED_OBJC_IMPLEMENTATIONS = YES;
				CLANG_WARN_DIRECT_OBJC_ISA_USAGE = YES_ERROR;
				CLANG_WARN_DOCUMENTATION_COMMENTS = YES;
				CLANG_WARN_EMPTY_BODY = YES;
				CLANG_WARN_ENUM_CONVERSION = YES;
				CLANG_WARN_INFINITE_RECURSION = YES;
				CLANG_WARN_INT_CONVERSION = YES;
				CLANG_WARN_NON_LITERAL_NULL_CONVERSION = YES;
				CLANG_WARN_OBJC_IMPLICIT_RETAIN_SELF = YES;
				CLANG_WARN_OBJC_LITERAL_CONVERSION = YES;
				CLANG_WARN_OBJC_ROOT_CLASS = YES_ERROR;
				CLANG_WARN_RANGE_LOOP_ANALYSIS = YES;
				CLANG_WARN_STRICT_PROTOTYPES = YES;
				CLANG_WARN_SUSPICIOUS_MOVE = YES;
				CLANG_WARN_UNGUARDED_AVAILABILITY = YES_AGGRESSIVE;
				CLANG_WARN_UNREACHABLE_CODE = YES;
				CLANG_WARN__DUPLICATE_METHOD_MATCH = YES;
				COPY_PHASE_STRIP = NO;
				DEBUG_INFORMATION_FORMAT = dwarf;
				ENABLE_STRICT_OBJC_MSGSEND = YES;
				ENABLE_TESTABILITY = YES;
				GCC_C_LANGUAGE_STANDARD = gnu11;
				GCC_DYNAMIC_NO_PIC = NO;
				GCC_NO_COMMON_BLOCKS = YES;
				GCC_OPTIMIZATION_LEVEL = 0;
				GCC_PREPROCESSOR_DEFINITIONS = (
					"DEBUG=1",
					"$(inherited)",
				);
				GCC_WARN_64_TO_32_BIT_CONVERSION = YES;
				GCC_WARN_ABOUT_RETURN_TYPE = YES_ERROR;
				GCC_WARN_UNDECLARED_SELECTOR = YES;
				GCC_WARN_UNINITIALIZED_AUTOS = YES_AGGRESSIVE;
				GCC_WARN_UNUSED_FUNCTION = YES;
				GCC_WARN_UNUSED_VARIABLE = YES;
				IPHONEOS_DEPLOYMENT_TARGET = 13.4;
				MTL_ENABLE_DEBUG_INFO = INCLUDE_SOURCE;
				MTL_FAST_MATH = YES;
				ONLY_ACTIVE_ARCH = YES;
				SDKROOT = iphoneos;
				SWIFT_ACTIVE_COMPILATION_CONDITIONS = DEBUG;
				SWIFT_OPTIMIZATION_LEVEL = "-Onone";
			};
			name = Debug;
		};
		39528FA5245AFC510080FBE8 /* Release */ = {
			isa = XCBuildConfiguration;
			buildSettings = {
				ALWAYS_SEARCH_USER_PATHS = NO;
				CLANG_ANALYZER_NONNULL = YES;
				CLANG_ANALYZER_NUMBER_OBJECT_CONVERSION = YES_AGGRESSIVE;
				CLANG_CXX_LANGUAGE_STANDARD = "gnu++14";
				CLANG_CXX_LIBRARY = "libc++";
				CLANG_ENABLE_MODULES = YES;
				CLANG_ENABLE_OBJC_ARC = YES;
				CLANG_ENABLE_OBJC_WEAK = YES;
				CLANG_WARN_BLOCK_CAPTURE_AUTORELEASING = YES;
				CLANG_WARN_BOOL_CONVERSION = YES;
				CLANG_WARN_COMMA = YES;
				CLANG_WARN_CONSTANT_CONVERSION = YES;
				CLANG_WARN_DEPRECATED_OBJC_IMPLEMENTATIONS = YES;
				CLANG_WARN_DIRECT_OBJC_ISA_USAGE = YES_ERROR;
				CLANG_WARN_DOCUMENTATION_COMMENTS = YES;
				CLANG_WARN_EMPTY_BODY = YES;
				CLANG_WARN_ENUM_CONVERSION = YES;
				CLANG_WARN_INFINITE_RECURSION = YES;
				CLANG_WARN_INT_CONVERSION = YES;
				CLANG_WARN_NON_LITERAL_NULL_CONVERSION = YES;
				CLANG_WARN_OBJC_IMPLICIT_RETAIN_SELF = YES;
				CLANG_WARN_OBJC_LITERAL_CONVERSION = YES;
				CLANG_WARN_OBJC_ROOT_CLASS = YES_ERROR;
				CLANG_WARN_RANGE_LOOP_ANALYSIS = YES;
				CLANG_WARN_STRICT_PROTOTYPES = YES;
				CLANG_WARN_SUSPICIOUS_MOVE = YES;
				CLANG_WARN_UNGUARDED_AVAILABILITY = YES_AGGRESSIVE;
				CLANG_WARN_UNREACHABLE_CODE = YES;
				CLANG_WARN__DUPLICATE_METHOD_MATCH = YES;
				COPY_PHASE_STRIP = NO;
				DEBUG_INFORMATION_FORMAT = "dwarf-with-dsym";
				ENABLE_NS_ASSERTIONS = NO;
				ENABLE_STRICT_OBJC_MSGSEND = YES;
				GCC_C_LANGUAGE_STANDARD = gnu11;
				GCC_NO_COMMON_BLOCKS = YES;
				GCC_WARN_64_TO_32_BIT_CONVERSION = YES;
				GCC_WARN_ABOUT_RETURN_TYPE = YES_ERROR;
				GCC_WARN_UNDECLARED_SELECTOR = YES;
				GCC_WARN_UNINITIALIZED_AUTOS = YES_AGGRESSIVE;
				GCC_WARN_UNUSED_FUNCTION = YES;
				GCC_WARN_UNUSED_VARIABLE = YES;
				IPHONEOS_DEPLOYMENT_TARGET = 13.4;
				MTL_ENABLE_DEBUG_INFO = NO;
				MTL_FAST_MATH = YES;
				SDKROOT = iphoneos;
				SWIFT_COMPILATION_MODE = wholemodule;
				SWIFT_OPTIMIZATION_LEVEL = "-O";
				VALIDATE_PRODUCT = YES;
			};
			name = Release;
		};
		39528FA7245AFC510080FBE8 /* Debug */ = {
			isa = XCBuildConfiguration;
			buildSettings = {
				ALWAYS_EMBED_SWIFT_STANDARD_LIBRARIES = YES;
				ASSETCATALOG_COMPILER_APPICON_NAME = AppIcon;
				CODE_SIGN_STYLE = Automatic;
				DEVELOPMENT_TEAM = F2M6RF7E9E;
				INFOPLIST_FILE = ibepo/Info.plist;
				IPHONEOS_DEPLOYMENT_TARGET = 9.0;
				LD_RUNPATH_SEARCH_PATHS = (
					"$(inherited)",
					"@executable_path/Frameworks",
				);
				MARKETING_VERSION = 1.0.0;
				PRODUCT_BUNDLE_IDENTIFIER = com.novesoft.ibepo;
				PRODUCT_NAME = "iBépo";
				SWIFT_VERSION = 5.0;
				TARGETED_DEVICE_FAMILY = "1,2";
			};
			name = Debug;
		};
		39528FA8245AFC510080FBE8 /* Release */ = {
			isa = XCBuildConfiguration;
			buildSettings = {
				ALWAYS_EMBED_SWIFT_STANDARD_LIBRARIES = YES;
				ASSETCATALOG_COMPILER_APPICON_NAME = AppIcon;
				CODE_SIGN_STYLE = Automatic;
				DEVELOPMENT_TEAM = F2M6RF7E9E;
				INFOPLIST_FILE = ibepo/Info.plist;
				IPHONEOS_DEPLOYMENT_TARGET = 9.0;
				LD_RUNPATH_SEARCH_PATHS = (
					"$(inherited)",
					"@executable_path/Frameworks",
				);
				MARKETING_VERSION = 1.0.0;
				PRODUCT_BUNDLE_IDENTIFIER = com.novesoft.ibepo;
				PRODUCT_NAME = "iBépo";
				SWIFT_VERSION = 5.0;
				TARGETED_DEVICE_FAMILY = "1,2";
			};
			name = Release;
		};
		39528FAA245AFC510080FBE8 /* Debug */ = {
			isa = XCBuildConfiguration;
			buildSettings = {
				ALWAYS_EMBED_SWIFT_STANDARD_LIBRARIES = YES;
				BUNDLE_LOADER = "$(TEST_HOST)";
				CODE_SIGN_STYLE = Automatic;
				DEVELOPMENT_TEAM = F2M6RF7E9E;
				INFOPLIST_FILE = ibepoTests/Info.plist;
				IPHONEOS_DEPLOYMENT_TARGET = 13.4;
				LD_RUNPATH_SEARCH_PATHS = (
					"$(inherited)",
					"@executable_path/Frameworks",
					"@loader_path/Frameworks",
				);
				PRODUCT_BUNDLE_IDENTIFIER = com.novesoft.ibepoTests;
				PRODUCT_NAME = "$(TARGET_NAME)";
				SWIFT_VERSION = 5.0;
				TARGETED_DEVICE_FAMILY = "1,2";
				TEST_HOST = "$(BUILT_PRODUCTS_DIR)/ibepo.app/ibepo";
			};
			name = Debug;
		};
		39528FAB245AFC510080FBE8 /* Release */ = {
			isa = XCBuildConfiguration;
			buildSettings = {
				ALWAYS_EMBED_SWIFT_STANDARD_LIBRARIES = YES;
				BUNDLE_LOADER = "$(TEST_HOST)";
				CODE_SIGN_STYLE = Automatic;
				DEVELOPMENT_TEAM = F2M6RF7E9E;
				INFOPLIST_FILE = ibepoTests/Info.plist;
				IPHONEOS_DEPLOYMENT_TARGET = 13.4;
				LD_RUNPATH_SEARCH_PATHS = (
					"$(inherited)",
					"@executable_path/Frameworks",
					"@loader_path/Frameworks",
				);
				PRODUCT_BUNDLE_IDENTIFIER = com.novesoft.ibepoTests;
				PRODUCT_NAME = "$(TARGET_NAME)";
				SWIFT_VERSION = 5.0;
				TARGETED_DEVICE_FAMILY = "1,2";
				TEST_HOST = "$(BUILT_PRODUCTS_DIR)/ibepo.app/ibepo";
			};
			name = Release;
		};
		39528FAD245AFC510080FBE8 /* Debug */ = {
			isa = XCBuildConfiguration;
			buildSettings = {
				ALWAYS_EMBED_SWIFT_STANDARD_LIBRARIES = YES;
				CODE_SIGN_STYLE = Automatic;
				DEVELOPMENT_TEAM = F2M6RF7E9E;
				INFOPLIST_FILE = ibepoUITests/Info.plist;
				LD_RUNPATH_SEARCH_PATHS = (
					"$(inherited)",
					"@executable_path/Frameworks",
					"@loader_path/Frameworks",
				);
				PRODUCT_BUNDLE_IDENTIFIER = com.novesoft.ibepoUITests;
				PRODUCT_NAME = "$(TARGET_NAME)";
				SWIFT_VERSION = 5.0;
				TARGETED_DEVICE_FAMILY = "1,2";
				TEST_TARGET_NAME = ibepo;
			};
			name = Debug;
		};
		39528FAE245AFC510080FBE8 /* Release */ = {
			isa = XCBuildConfiguration;
			buildSettings = {
				ALWAYS_EMBED_SWIFT_STANDARD_LIBRARIES = YES;
				CODE_SIGN_STYLE = Automatic;
				DEVELOPMENT_TEAM = F2M6RF7E9E;
				INFOPLIST_FILE = ibepoUITests/Info.plist;
				LD_RUNPATH_SEARCH_PATHS = (
					"$(inherited)",
					"@executable_path/Frameworks",
					"@loader_path/Frameworks",
				);
				PRODUCT_BUNDLE_IDENTIFIER = com.novesoft.ibepoUITests;
				PRODUCT_NAME = "$(TARGET_NAME)";
				SWIFT_VERSION = 5.0;
				TARGETED_DEVICE_FAMILY = "1,2";
				TEST_TARGET_NAME = ibepo;
			};
			name = Release;
		};
/* End XCBuildConfiguration section */

/* Begin XCConfigurationList section */
		392AD04F245D72D9008252F1 /* Build configuration list for PBXNativeTarget "keyboard" */ = {
			isa = XCConfigurationList;
			buildConfigurations = (
				392AD04D245D72D9008252F1 /* Debug */,
				392AD04E245D72D9008252F1 /* Release */,
			);
			defaultConfigurationIsVisible = 0;
			defaultConfigurationName = Release;
		};
		39528F77245AFC4D0080FBE8 /* Build configuration list for PBXProject "ibepo" */ = {
			isa = XCConfigurationList;
			buildConfigurations = (
				39528FA4245AFC510080FBE8 /* Debug */,
				39528FA5245AFC510080FBE8 /* Release */,
			);
			defaultConfigurationIsVisible = 0;
			defaultConfigurationName = Release;
		};
		39528FA6245AFC510080FBE8 /* Build configuration list for PBXNativeTarget "ibepo" */ = {
			isa = XCConfigurationList;
			buildConfigurations = (
				39528FA7245AFC510080FBE8 /* Debug */,
				39528FA8245AFC510080FBE8 /* Release */,
			);
			defaultConfigurationIsVisible = 0;
			defaultConfigurationName = Release;
		};
		39528FA9245AFC510080FBE8 /* Build configuration list for PBXNativeTarget "ibepoTests" */ = {
			isa = XCConfigurationList;
			buildConfigurations = (
				39528FAA245AFC510080FBE8 /* Debug */,
				39528FAB245AFC510080FBE8 /* Release */,
			);
			defaultConfigurationIsVisible = 0;
			defaultConfigurationName = Release;
		};
		39528FAC245AFC510080FBE8 /* Build configuration list for PBXNativeTarget "ibepoUITests" */ = {
			isa = XCConfigurationList;
			buildConfigurations = (
				39528FAD245AFC510080FBE8 /* Debug */,
				39528FAE245AFC510080FBE8 /* Release */,
			);
			defaultConfigurationIsVisible = 0;
			defaultConfigurationName = Release;
		};
/* End XCConfigurationList section */
	};
	rootObject = 39528F74245AFC4D0080FBE8 /* Project object */;
}
